// !$*UTF8*$!
{
	archiveVersion = 1;
	classes = {
	};
	objectVersion = 56;
	objects = {

/* Begin PBXBuildFile section */
		84BBA65A2C053DFF00C23859 /* GeoPromoAlertApp.swift in Sources */ = {isa = PBXBuildFile; fileRef = 84BBA6592C053DFF00C23859 /* GeoPromoAlertApp.swift */; };
		84BBA65C2C053DFF00C23859 /* ContentView.swift in Sources */ = {isa = PBXBuildFile; fileRef = 84BBA65B2C053DFF00C23859 /* ContentView.swift */; };
		84BBA65E2C053E0100C23859 /* Assets.xcassets in Resources */ = {isa = PBXBuildFile; fileRef = 84BBA65D2C053E0100C23859 /* Assets.xcassets */; };
		84BBA6612C053E0100C23859 /* Preview Assets.xcassets in Resources */ = {isa = PBXBuildFile; fileRef = 84BBA6602C053E0100C23859 /* Preview Assets.xcassets */; };
		84BBA66B2C053E0200C23859 /* GeoPromoAlertTests.swift in Sources */ = {isa = PBXBuildFile; fileRef = 84BBA66A2C053E0200C23859 /* GeoPromoAlertTests.swift */; };
		84BBA6752C053E0200C23859 /* GeoPromoAlertUITests.swift in Sources */ = {isa = PBXBuildFile; fileRef = 84BBA6742C053E0200C23859 /* GeoPromoAlertUITests.swift */; };
		84BBA6772C053E0200C23859 /* GeoPromoAlertUITestsLaunchTests.swift in Sources */ = {isa = PBXBuildFile; fileRef = 84BBA6762C053E0200C23859 /* GeoPromoAlertUITestsLaunchTests.swift */; };
/* End PBXBuildFile section */

/* Begin PBXContainerItemProxy section */
		84BBA6672C053E0200C23859 /* PBXContainerItemProxy */ = {
			isa = PBXContainerItemProxy;
			containerPortal = 84BBA64E2C053DFF00C23859 /* Project object */;
			proxyType = 1;
			remoteGlobalIDString = 84BBA6552C053DFF00C23859;
			remoteInfo = GeoPromoAlert;
		};
		84BBA6712C053E0200C23859 /* PBXContainerItemProxy */ = {
			isa = PBXContainerItemProxy;
			containerPortal = 84BBA64E2C053DFF00C23859 /* Project object */;
			proxyType = 1;
			remoteGlobalIDString = 84BBA6552C053DFF00C23859;
			remoteInfo = GeoPromoAlert;
		};
/* End PBXContainerItemProxy section */

/* Begin PBXFileReference section */
		84BBA6562C053DFF00C23859 /* GeoPromoAlert.app */ = {isa = PBXFileReference; explicitFileType = wrapper.application; includeInIndex = 0; path = GeoPromoAlert.app; sourceTree = BUILT_PRODUCTS_DIR; };
		84BBA6592C053DFF00C23859 /* GeoPromoAlertApp.swift */ = {isa = PBXFileReference; lastKnownFileType = sourcecode.swift; path = GeoPromoAlertApp.swift; sourceTree = "<group>"; };
		84BBA65B2C053DFF00C23859 /* ContentView.swift */ = {isa = PBXFileReference; lastKnownFileType = sourcecode.swift; path = ContentView.swift; sourceTree = "<group>"; };
		84BBA65D2C053E0100C23859 /* Assets.xcassets */ = {isa = PBXFileReference; lastKnownFileType = folder.assetcatalog; path = Assets.xcassets; sourceTree = "<group>"; };
		84BBA6602C053E0100C23859 /* Preview Assets.xcassets */ = {isa = PBXFileReference; lastKnownFileType = folder.assetcatalog; path = "Preview Assets.xcassets"; sourceTree = "<group>"; };
		84BBA6662C053E0200C23859 /* GeoPromoAlertTests.xctest */ = {isa = PBXFileReference; explicitFileType = wrapper.cfbundle; includeInIndex = 0; path = GeoPromoAlertTests.xctest; sourceTree = BUILT_PRODUCTS_DIR; };
		84BBA66A2C053E0200C23859 /* GeoPromoAlertTests.swift */ = {isa = PBXFileReference; lastKnownFileType = sourcecode.swift; path = GeoPromoAlertTests.swift; sourceTree = "<group>"; };
		84BBA6702C053E0200C23859 /* GeoPromoAlertUITests.xctest */ = {isa = PBXFileReference; explicitFileType = wrapper.cfbundle; includeInIndex = 0; path = GeoPromoAlertUITests.xctest; sourceTree = BUILT_PRODUCTS_DIR; };
		84BBA6742C053E0200C23859 /* GeoPromoAlertUITests.swift */ = {isa = PBXFileReference; lastKnownFileType = sourcecode.swift; path = GeoPromoAlertUITests.swift; sourceTree = "<group>"; };
		84BBA6762C053E0200C23859 /* GeoPromoAlertUITestsLaunchTests.swift */ = {isa = PBXFileReference; lastKnownFileType = sourcecode.swift; path = GeoPromoAlertUITestsLaunchTests.swift; sourceTree = "<group>"; };
/* End PBXFileReference section */

/* Begin PBXFrameworksBuildPhase section */
		84BBA6532C053DFF00C23859 /* Frameworks */ = {
			isa = PBXFrameworksBuildPhase;
			buildActionMask = 2147483647;
			files = (
			);
			runOnlyForDeploymentPostprocessing = 0;
		};
		84BBA6632C053E0200C23859 /* Frameworks */ = {
			isa = PBXFrameworksBuildPhase;
			buildActionMask = 2147483647;
			files = (
			);
			runOnlyForDeploymentPostprocessing = 0;
		};
		84BBA66D2C053E0200C23859 /* Frameworks */ = {
			isa = PBXFrameworksBuildPhase;
			buildActionMask = 2147483647;
			files = (
			);
			runOnlyForDeploymentPostprocessing = 0;
		};
/* End PBXFrameworksBuildPhase section */

/* Begin PBXGroup section */
		84BBA64D2C053DFF00C23859 = {
			isa = PBXGroup;
			children = (
				84BBA6582C053DFF00C23859 /* GeoPromoAlert */,
				84BBA6692C053E0200C23859 /* GeoPromoAlertTests */,
				84BBA6732C053E0200C23859 /* GeoPromoAlertUITests */,
				84BBA6572C053DFF00C23859 /* Products */,
			);
			sourceTree = "<group>";
		};
		84BBA6572C053DFF00C23859 /* Products */ = {
			isa = PBXGroup;
			children = (
				84BBA6562C053DFF00C23859 /* GeoPromoAlert.app */,
				84BBA6662C053E0200C23859 /* GeoPromoAlertTests.xctest */,
				84BBA6702C053E0200C23859 /* GeoPromoAlertUITests.xctest */,
			);
			name = Products;
			sourceTree = "<group>";
		};
		84BBA6582C053DFF00C23859 /* GeoPromoAlert */ = {
			isa = PBXGroup;
			children = (
				84BBA6592C053DFF00C23859 /* GeoPromoAlertApp.swift */,
				84BBA65B2C053DFF00C23859 /* ContentView.swift */,
				84BBA65D2C053E0100C23859 /* Assets.xcassets */,
				84BBA65F2C053E0100C23859 /* Preview Content */,
			);
			path = GeoPromoAlert;
			sourceTree = "<group>";
		};
		84BBA65F2C053E0100C23859 /* Preview Content */ = {
			isa = PBXGroup;
			children = (
				84BBA6602C053E0100C23859 /* Preview Assets.xcassets */,
			);
			path = "Preview Content";
			sourceTree = "<group>";
		};
		84BBA6692C053E0200C23859 /* GeoPromoAlertTests */ = {
			isa = PBXGroup;
			children = (
				84BBA66A2C053E0200C23859 /* GeoPromoAlertTests.swift */,
			);
			path = GeoPromoAlertTests;
			sourceTree = "<group>";
		};
		84BBA6732C053E0200C23859 /* GeoPromoAlertUITests */ = {
			isa = PBXGroup;
			children = (
				84BBA6742C053E0200C23859 /* GeoPromoAlertUITests.swift */,
				84BBA6762C053E0200C23859 /* GeoPromoAlertUITestsLaunchTests.swift */,
			);
			path = GeoPromoAlertUITests;
			sourceTree = "<group>";
		};
/* End PBXGroup section */

/* Begin PBXNativeTarget section */
		84BBA6552C053DFF00C23859 /* GeoPromoAlert */ = {
			isa = PBXNativeTarget;
			buildConfigurationList = 84BBA67A2C053E0200C23859 /* Build configuration list for PBXNativeTarget "GeoPromoAlert" */;
			buildPhases = (
				84BBA6522C053DFF00C23859 /* Sources */,
				84BBA6532C053DFF00C23859 /* Frameworks */,
				84BBA6542C053DFF00C23859 /* Resources */,
			);
			buildRules = (
			);
			dependencies = (
			);
			name = GeoPromoAlert;
			productName = GeoPromoAlert;
			productReference = 84BBA6562C053DFF00C23859 /* GeoPromoAlert.app */;
			productType = "com.apple.product-type.application";
		};
		84BBA6652C053E0200C23859 /* GeoPromoAlertTests */ = {
			isa = PBXNativeTarget;
			buildConfigurationList = 84BBA67D2C053E0200C23859 /* Build configuration list for PBXNativeTarget "GeoPromoAlertTests" */;
			buildPhases = (
				84BBA6622C053E0200C23859 /* Sources */,
				84BBA6632C053E0200C23859 /* Frameworks */,
				84BBA6642C053E0200C23859 /* Resources */,
			);
			buildRules = (
			);
			dependencies = (
				84BBA6682C053E0200C23859 /* PBXTargetDependency */,
			);
			name = GeoPromoAlertTests;
			productName = GeoPromoAlertTests;
			productReference = 84BBA6662C053E0200C23859 /* GeoPromoAlertTests.xctest */;
			productType = "com.apple.product-type.bundle.unit-test";
		};
		84BBA66F2C053E0200C23859 /* GeoPromoAlertUITests */ = {
			isa = PBXNativeTarget;
			buildConfigurationList = 84BBA6802C053E0200C23859 /* Build configuration list for PBXNativeTarget "GeoPromoAlertUITests" */;
			buildPhases = (
				84BBA66C2C053E0200C23859 /* Sources */,
				84BBA66D2C053E0200C23859 /* Frameworks */,
				84BBA66E2C053E0200C23859 /* Resources */,
			);
			buildRules = (
			);
			dependencies = (
				84BBA6722C053E0200C23859 /* PBXTargetDependency */,
			);
			name = GeoPromoAlertUITests;
			productName = GeoPromoAlertUITests;
			productReference = 84BBA6702C053E0200C23859 /* GeoPromoAlertUITests.xctest */;
			productType = "com.apple.product-type.bundle.ui-testing";
		};
/* End PBXNativeTarget section */

/* Begin PBXProject section */
		84BBA64E2C053DFF00C23859 /* Project object */ = {
			isa = PBXProject;
			attributes = {
				BuildIndependentTargetsInParallel = 1;
				LastSwiftUpdateCheck = 1500;
				LastUpgradeCheck = 1500;
				TargetAttributes = {
					84BBA6552C053DFF00C23859 = {
						CreatedOnToolsVersion = 15.0;
					};
					84BBA6652C053E0200C23859 = {
						CreatedOnToolsVersion = 15.0;
						TestTargetID = 84BBA6552C053DFF00C23859;
					};
					84BBA66F2C053E0200C23859 = {
						CreatedOnToolsVersion = 15.0;
						TestTargetID = 84BBA6552C053DFF00C23859;
					};
				};
			};
			buildConfigurationList = 84BBA6512C053DFF00C23859 /* Build configuration list for PBXProject "GeoPromoAlert" */;
			compatibilityVersion = "Xcode 14.0";
			developmentRegion = en;
			hasScannedForEncodings = 0;
			knownRegions = (
				en,
				Base,
			);
			mainGroup = 84BBA64D2C053DFF00C23859;
			productRefGroup = 84BBA6572C053DFF00C23859 /* Products */;
			projectDirPath = "";
			projectRoot = "";
			targets = (
				84BBA6552C053DFF00C23859 /* GeoPromoAlert */,
				84BBA6652C053E0200C23859 /* GeoPromoAlertTests */,
				84BBA66F2C053E0200C23859 /* GeoPromoAlertUITests */,
			);
		};
/* End PBXProject section */

/* Begin PBXResourcesBuildPhase section */
		84BBA6542C053DFF00C23859 /* Resources */ = {
			isa = PBXResourcesBuildPhase;
			buildActionMask = 2147483647;
			files = (
				84BBA6612C053E0100C23859 /* Preview Assets.xcassets in Resources */,
				84BBA65E2C053E0100C23859 /* Assets.xcassets in Resources */,
			);
			runOnlyForDeploymentPostprocessing = 0;
		};
		84BBA6642C053E0200C23859 /* Resources */ = {
			isa = PBXResourcesBuildPhase;
			buildActionMask = 2147483647;
			files = (
			);
			runOnlyForDeploymentPostprocessing = 0;
		};
		84BBA66E2C053E0200C23859 /* Resources */ = {
			isa = PBXResourcesBuildPhase;
			buildActionMask = 2147483647;
			files = (
			);
			runOnlyForDeploymentPostprocessing = 0;
		};
/* End PBXResourcesBuildPhase section */

/* Begin PBXSourcesBuildPhase section */
		84BBA6522C053DFF00C23859 /* Sources */ = {
			isa = PBXSourcesBuildPhase;
			buildActionMask = 2147483647;
			files = (
				84BBA65C2C053DFF00C23859 /* ContentView.swift in Sources */,
				84BBA65A2C053DFF00C23859 /* GeoPromoAlertApp.swift in Sources */,
			);
			runOnlyForDeploymentPostprocessing = 0;
		};
		84BBA6622C053E0200C23859 /* Sources */ = {
			isa = PBXSourcesBuildPhase;
			buildActionMask = 2147483647;
			files = (
				84BBA66B2C053E0200C23859 /* GeoPromoAlertTests.swift in Sources */,
			);
			runOnlyForDeploymentPostprocessing = 0;
		};
		84BBA66C2C053E0200C23859 /* Sources */ = {
			isa = PBXSourcesBuildPhase;
			buildActionMask = 2147483647;
			files = (
				84BBA6752C053E0200C23859 /* GeoPromoAlertUITests.swift in Sources */,
				84BBA6772C053E0200C23859 /* GeoPromoAlertUITestsLaunchTests.swift in Sources */,
			);
			runOnlyForDeploymentPostprocessing = 0;
		};
/* End PBXSourcesBuildPhase section */

/* Begin PBXTargetDependency section */
		84BBA6682C053E0200C23859 /* PBXTargetDependency */ = {
			isa = PBXTargetDependency;
			target = 84BBA6552C053DFF00C23859 /* GeoPromoAlert */;
			targetProxy = 84BBA6672C053E0200C23859 /* PBXContainerItemProxy */;
		};
		84BBA6722C053E0200C23859 /* PBXTargetDependency */ = {
			isa = PBXTargetDependency;
			target = 84BBA6552C053DFF00C23859 /* GeoPromoAlert */;
			targetProxy = 84BBA6712C053E0200C23859 /* PBXContainerItemProxy */;
		};
/* End PBXTargetDependency section */

/* Begin XCBuildConfiguration section */
		84BBA6782C053E0200C23859 /* Debug */ = {
			isa = XCBuildConfiguration;
			buildSettings = {
				ALWAYS_SEARCH_USER_PATHS = NO;
				ASSETCATALOG_COMPILER_GENERATE_SWIFT_ASSET_SYMBOL_EXTENSIONS = YES;
				CLANG_ANALYZER_NONNULL = YES;
				CLANG_ANALYZER_NUMBER_OBJECT_CONVERSION = YES_AGGRESSIVE;
				CLANG_CXX_LANGUAGE_STANDARD = "gnu++20";
				CLANG_ENABLE_MODULES = YES;
				CLANG_ENABLE_OBJC_ARC = YES;
				CLANG_ENABLE_OBJC_WEAK = YES;
				CLANG_WARN_BLOCK_CAPTURE_AUTORELEASING = YES;
				CLANG_WARN_BOOL_CONVERSION = YES;
				CLANG_WARN_COMMA = YES;
				CLANG_WARN_CONSTANT_CONVERSION = YES;
				CLANG_WARN_DEPRECATED_OBJC_IMPLEMENTATIONS = YES;
				CLANG_WARN_DIRECT_OBJC_ISA_USAGE = YES_ERROR;
				CLANG_WARN_DOCUMENTATION_COMMENTS = YES;
				CLANG_WARN_EMPTY_BODY = YES;
				CLANG_WARN_ENUM_CONVERSION = YES;
				CLANG_WARN_INFINITE_RECURSION = YES;
				CLANG_WARN_INT_CONVERSION = YES;
				CLANG_WARN_NON_LITERAL_NULL_CONVERSION = YES;
				CLANG_WARN_OBJC_IMPLICIT_RETAIN_SELF = YES;
				CLANG_WARN_OBJC_LITERAL_CONVERSION = YES;
				CLANG_WARN_OBJC_ROOT_CLASS = YES_ERROR;
				CLANG_WARN_QUOTED_INCLUDE_IN_FRAMEWORK_HEADER = YES;
				CLANG_WARN_RANGE_LOOP_ANALYSIS = YES;
				CLANG_WARN_STRICT_PROTOTYPES = YES;
				CLANG_WARN_SUSPICIOUS_MOVE = YES;
				CLANG_WARN_UNGUARDED_AVAILABILITY = YES_AGGRESSIVE;
				CLANG_WARN_UNREACHABLE_CODE = YES;
				CLANG_WARN__DUPLICATE_METHOD_MATCH = YES;
				COPY_PHASE_STRIP = NO;
				DEBUG_INFORMATION_FORMAT = dwarf;
				ENABLE_STRICT_OBJC_MSGSEND = YES;
				ENABLE_TESTABILITY = YES;
				ENABLE_USER_SCRIPT_SANDBOXING = YES;
				GCC_C_LANGUAGE_STANDARD = gnu17;
				GCC_DYNAMIC_NO_PIC = NO;
				GCC_NO_COMMON_BLOCKS = YES;
				GCC_OPTIMIZATION_LEVEL = 0;
				GCC_PREPROCESSOR_DEFINITIONS = (
					"DEBUG=1",
					"$(inherited)",
				);
				GCC_WARN_64_TO_32_BIT_CONVERSION = YES;
				GCC_WARN_ABOUT_RETURN_TYPE = YES_ERROR;
				GCC_WARN_UNDECLARED_SELECTOR = YES;
				GCC_WARN_UNINITIALIZED_AUTOS = YES_AGGRESSIVE;
				GCC_WARN_UNUSED_FUNCTION = YES;
				GCC_WARN_UNUSED_VARIABLE = YES;
				IPHONEOS_DEPLOYMENT_TARGET = 17.0;
				LOCALIZATION_PREFERS_STRING_CATALOGS = YES;
				MTL_ENABLE_DEBUG_INFO = INCLUDE_SOURCE;
				MTL_FAST_MATH = YES;
				ONLY_ACTIVE_ARCH = YES;
				SDKROOT = iphoneos;
				SWIFT_ACTIVE_COMPILATION_CONDITIONS = "DEBUG $(inherited)";
				SWIFT_OPTIMIZATION_LEVEL = "-Onone";
			};
			name = Debug;
		};
		84BBA6792C053E0200C23859 /* Release */ = {
			isa = XCBuildConfiguration;
			buildSettings = {
				ALWAYS_SEARCH_USER_PATHS = NO;
				ASSETCATALOG_COMPILER_GENERATE_SWIFT_ASSET_SYMBOL_EXTENSIONS = YES;
				CLANG_ANALYZER_NONNULL = YES;
				CLANG_ANALYZER_NUMBER_OBJECT_CONVERSION = YES_AGGRESSIVE;
				CLANG_CXX_LANGUAGE_STANDARD = "gnu++20";
				CLANG_ENABLE_MODULES = YES;
				CLANG_ENABLE_OBJC_ARC = YES;
				CLANG_ENABLE_OBJC_WEAK = YES;
				CLANG_WARN_BLOCK_CAPTURE_AUTORELEASING = YES;
				CLANG_WARN_BOOL_CONVERSION = YES;
				CLANG_WARN_COMMA = YES;
				CLANG_WARN_CONSTANT_CONVERSION = YES;
				CLANG_WARN_DEPRECATED_OBJC_IMPLEMENTATIONS = YES;
				CLANG_WARN_DIRECT_OBJC_ISA_USAGE = YES_ERROR;
				CLANG_WARN_DOCUMENTATION_COMMENTS = YES;
				CLANG_WARN_EMPTY_BODY = YES;
				CLANG_WARN_ENUM_CONVERSION = YES;
				CLANG_WARN_INFINITE_RECURSION = YES;
				CLANG_WARN_INT_CONVERSION = YES;
				CLANG_WARN_NON_LITERAL_NULL_CONVERSION = YES;
				CLANG_WARN_OBJC_IMPLICIT_RETAIN_SELF = YES;
				CLANG_WARN_OBJC_LITERAL_CONVERSION = YES;
				CLANG_WARN_OBJC_ROOT_CLASS = YES_ERROR;
				CLANG_WARN_QUOTED_INCLUDE_IN_FRAMEWORK_HEADER = YES;
				CLANG_WARN_RANGE_LOOP_ANALYSIS = YES;
				CLANG_WARN_STRICT_PROTOTYPES = YES;
				CLANG_WARN_SUSPICIOUS_MOVE = YES;
				CLANG_WARN_UNGUARDED_AVAILABILITY = YES_AGGRESSIVE;
				CLANG_WARN_UNREACHABLE_CODE = YES;
				CLANG_WARN__DUPLICATE_METHOD_MATCH = YES;
				COPY_PHASE_STRIP = NO;
				DEBUG_INFORMATION_FORMAT = "dwarf-with-dsym";
				ENABLE_NS_ASSERTIONS = NO;
				ENABLE_STRICT_OBJC_MSGSEND = YES;
				ENABLE_USER_SCRIPT_SANDBOXING = YES;
				GCC_C_LANGUAGE_STANDARD = gnu17;
				GCC_NO_COMMON_BLOCKS = YES;
				GCC_WARN_64_TO_32_BIT_CONVERSION = YES;
				GCC_WARN_ABOUT_RETURN_TYPE = YES_ERROR;
				GCC_WARN_UNDECLARED_SELECTOR = YES;
				GCC_WARN_UNINITIALIZED_AUTOS = YES_AGGRESSIVE;
				GCC_WARN_UNUSED_FUNCTION = YES;
				GCC_WARN_UNUSED_VARIABLE = YES;
				IPHONEOS_DEPLOYMENT_TARGET = 17.0;
				LOCALIZATION_PREFERS_STRING_CATALOGS = YES;
				MTL_ENABLE_DEBUG_INFO = NO;
				MTL_FAST_MATH = YES;
				SDKROOT = iphoneos;
				SWIFT_COMPILATION_MODE = wholemodule;
				VALIDATE_PRODUCT = YES;
			};
			name = Release;
		};
		84BBA67B2C053E0200C23859 /* Debug */ = {
			isa = XCBuildConfiguration;
			buildSettings = {
				ASSETCATALOG_COMPILER_APPICON_NAME = AppIcon;
				ASSETCATALOG_COMPILER_GLOBAL_ACCENT_COLOR_NAME = AccentColor;
				CODE_SIGN_STYLE = Automatic;
				CURRENT_PROJECT_VERSION = 1;
				DEVELOPMENT_ASSET_PATHS = "\"GeoPromoAlert/Preview Content\"";
				DEVELOPMENT_TEAM = 6TLA298KK5;
				ENABLE_PREVIEWS = YES;
				GENERATE_INFOPLIST_FILE = YES;
				INFOPLIST_KEY_UIApplicationSceneManifest_Generation = YES;
				INFOPLIST_KEY_UIApplicationSupportsIndirectInputEvents = YES;
				INFOPLIST_KEY_UILaunchScreen_Generation = YES;
				INFOPLIST_KEY_UISupportedInterfaceOrientations_iPad = "UIInterfaceOrientationPortrait UIInterfaceOrientationPortraitUpsideDown UIInterfaceOrientationLandscapeLeft UIInterfaceOrientationLandscapeRight";
				INFOPLIST_KEY_UISupportedInterfaceOrientations_iPhone = "UIInterfaceOrientationPortrait UIInterfaceOrientationLandscapeLeft UIInterfaceOrientationLandscapeRight";
				LD_RUNPATH_SEARCH_PATHS = (
					"$(inherited)",
					"@executable_path/Frameworks",
				);
				MARKETING_VERSION = 1.0;
				PRODUCT_BUNDLE_IDENTIFIER = mike.depew.GeoPromoAlert;
				PRODUCT_NAME = "$(TARGET_NAME)";
				SWIFT_EMIT_LOC_STRINGS = YES;
				SWIFT_VERSION = 5.0;
				TARGETED_DEVICE_FAMILY = "1,2";
			};
			name = Debug;
		};
		84BBA67C2C053E0200C23859 /* Release */ = {
			isa = XCBuildConfiguration;
			buildSettings = {
				ASSETCATALOG_COMPILER_APPICON_NAME = AppIcon;
				ASSETCATALOG_COMPILER_GLOBAL_ACCENT_COLOR_NAME = AccentColor;
				CODE_SIGN_STYLE = Automatic;
				CURRENT_PROJECT_VERSION = 1;
				DEVELOPMENT_ASSET_PATHS = "\"GeoPromoAlert/Preview Content\"";
				DEVELOPMENT_TEAM = 6TLA298KK5;
				ENABLE_PREVIEWS = YES;
				GENERATE_INFOPLIST_FILE = YES;
				INFOPLIST_KEY_UIApplicationSceneManifest_Generation = YES;
				INFOPLIST_KEY_UIApplicationSupportsIndirectInputEvents = YES;
				INFOPLIST_KEY_UILaunchScreen_Generation = YES;
				INFOPLIST_KEY_UISupportedInterfaceOrientations_iPad = "UIInterfaceOrientationPortrait UIInterfaceOrientationPortraitUpsideDown UIInterfaceOrientationLandscapeLeft UIInterfaceOrientationLandscapeRight";
				INFOPLIST_KEY_UISupportedInterfaceOrientations_iPhone = "UIInterfaceOrientationPortrait UIInterfaceOrientationLandscapeLeft UIInterfaceOrientationLandscapeRight";
				LD_RUNPATH_SEARCH_PATHS = (
					"$(inherited)",
					"@executable_path/Frameworks",
				);
				MARKETING_VERSION = 1.0;
				PRODUCT_BUNDLE_IDENTIFIER = mike.depew.GeoPromoAlert;
				PRODUCT_NAME = "$(TARGET_NAME)";
				SWIFT_EMIT_LOC_STRINGS = YES;
				SWIFT_VERSION = 5.0;
				TARGETED_DEVICE_FAMILY = "1,2";
			};
			name = Release;
		};
		84BBA67E2C053E0200C23859 /* Debug */ = {
			isa = XCBuildConfiguration;
			buildSettings = {
				ALWAYS_EMBED_SWIFT_STANDARD_LIBRARIES = YES;
				BUNDLE_LOADER = "$(TEST_HOST)";
				CODE_SIGN_STYLE = Automatic;
				CURRENT_PROJECT_VERSION = 1;
				DEVELOPMENT_TEAM = 6TLA298KK5;
				GENERATE_INFOPLIST_FILE = YES;
				IPHONEOS_DEPLOYMENT_TARGET = 17.0;
				MARKETING_VERSION = 1.0;
				PRODUCT_BUNDLE_IDENTIFIER = mike.depew.GeoPromoAlertTests;
				PRODUCT_NAME = "$(TARGET_NAME)";
				SWIFT_EMIT_LOC_STRINGS = NO;
				SWIFT_VERSION = 5.0;
				TARGETED_DEVICE_FAMILY = "1,2";
				TEST_HOST = "$(BUILT_PRODUCTS_DIR)/GeoPromoAlert.app/$(BUNDLE_EXECUTABLE_FOLDER_PATH)/GeoPromoAlert";
			};
			name = Debug;
		};
		84BBA67F2C053E0200C23859 /* Release */ = {
			isa = XCBuildConfiguration;
			buildSettings = {
				ALWAYS_EMBED_SWIFT_STANDARD_LIBRARIES = YES;
				BUNDLE_LOADER = "$(TEST_HOST)";
				CODE_SIGN_STYLE = Automatic;
				CURRENT_PROJECT_VERSION = 1;
				DEVELOPMENT_TEAM = 6TLA298KK5;
				GENERATE_INFOPLIST_FILE = YES;
				IPHONEOS_DEPLOYMENT_TARGET = 17.0;
				MARKETING_VERSION = 1.0;
				PRODUCT_BUNDLE_IDENTIFIER = mike.depew.GeoPromoAlertTests;
				PRODUCT_NAME = "$(TARGET_NAME)";
				SWIFT_EMIT_LOC_STRINGS = NO;
				SWIFT_VERSION = 5.0;
				TARGETED_DEVICE_FAMILY = "1,2";
				TEST_HOST = "$(BUILT_PRODUCTS_DIR)/GeoPromoAlert.app/$(BUNDLE_EXECUTABLE_FOLDER_PATH)/GeoPromoAlert";
			};
			name = Release;
		};
		84BBA6812C053E0200C23859 /* Debug */ = {
			isa = XCBuildConfiguration;
			buildSettings = {
				ALWAYS_EMBED_SWIFT_STANDARD_LIBRARIES = YES;
				CODE_SIGN_STYLE = Automatic;
				CURRENT_PROJECT_VERSION = 1;
				DEVELOPMENT_TEAM = 6TLA298KK5;
				GENERATE_INFOPLIST_FILE = YES;
				MARKETING_VERSION = 1.0;
				PRODUCT_BUNDLE_IDENTIFIER = mike.depew.GeoPromoAlertUITests;
				PRODUCT_NAME = "$(TARGET_NAME)";
				SWIFT_EMIT_LOC_STRINGS = NO;
				SWIFT_VERSION = 5.0;
				TARGETED_DEVICE_FAMILY = "1,2";
				TEST_TARGET_NAME = GeoPromoAlert;
			};
			name = Debug;
		};
		84BBA6822C053E0200C23859 /* Release */ = {
			isa = XCBuildConfiguration;
			buildSettings = {
				ALWAYS_EMBED_SWIFT_STANDARD_LIBRARIES = YES;
				CODE_SIGN_STYLE = Automatic;
				CURRENT_PROJECT_VERSION = 1;
				DEVELOPMENT_TEAM = 6TLA298KK5;
				GENERATE_INFOPLIST_FILE = YES;
				MARKETING_VERSION = 1.0;
				PRODUCT_BUNDLE_IDENTIFIER = mike.depew.GeoPromoAlertUITests;
				PRODUCT_NAME = "$(TARGET_NAME)";
				SWIFT_EMIT_LOC_STRINGS = NO;
				SWIFT_VERSION = 5.0;
				TARGETED_DEVICE_FAMILY = "1,2";
				TEST_TARGET_NAME = GeoPromoAlert;
			};
			name = Release;
		};
/* End XCBuildConfiguration section */

/* Begin XCConfigurationList section */
		84BBA6512C053DFF00C23859 /* Build configuration list for PBXProject "GeoPromoAlert" */ = {
			isa = XCConfigurationList;
			buildConfigurations = (
				84BBA6782C053E0200C23859 /* Debug */,
				84BBA6792C053E0200C23859 /* Release */,
			);
			defaultConfigurationIsVisible = 0;
			defaultConfigurationName = Release;
		};
		84BBA67A2C053E0200C23859 /* Build configuration list for PBXNativeTarget "GeoPromoAlert" */ = {
			isa = XCConfigurationList;
			buildConfigurations = (
				84BBA67B2C053E0200C23859 /* Debug */,
				84BBA67C2C053E0200C23859 /* Release */,
			);
			defaultConfigurationIsVisible = 0;
			defaultConfigurationName = Release;
		};
		84BBA67D2C053E0200C23859 /* Build configuration list for PBXNativeTarget "GeoPromoAlertTests" */ = {
			isa = XCConfigurationList;
			buildConfigurations = (
				84BBA67E2C053E0200C23859 /* Debug */,
				84BBA67F2C053E0200C23859 /* Release */,
			);
			defaultConfigurationIsVisible = 0;
			defaultConfigurationName = Release;
		};
		84BBA6802C053E0200C23859 /* Build configuration list for PBXNativeTarget "GeoPromoAlertUITests" */ = {
			isa = XCConfigurationList;
			buildConfigurations = (
				84BBA6812C053E0200C23859 /* Debug */,
				84BBA6822C053E0200C23859 /* Release */,
			);
			defaultConfigurationIsVisible = 0;
			defaultConfigurationName = Release;
		};
/* End XCConfigurationList section */
	};
	rootObject = 84BBA64E2C053DFF00C23859 /* Project object */;
}
